
Microsoft Visual Studio Solution File, Format Version 12.00
# Visual Studio Version 17
VisualStudioVersion = 17.13.35931.197
MinimumVisualStudioVersion = 10.0.40219.1
Project("{FAE04EC0-301F-11D3-BF4B-00C04F79EFBC}") = "EC.simple", "EC-simple\EC.simple.csproj", "{746A9312-DE28-4B62-B616-2CB5724EB4B1}"
EndProject
Project("{FAE04EC0-301F-11D3-BF4B-00C04F79EFBC}") = "EC.Dao", "Dao\EC.Dao.csproj", "{FFBAE95D-0AC0-4C4E-824F-C962D2F315D4}"
EndProject
Project("{FAE04EC0-301F-11D3-BF4B-00C04F79EFBC}") = "EC.Utils", "Utils\EC.Utils.csproj", "{DD0A3931-E846-4AC9-82A2-E3CFC5DFA23A}"
EndProject
Global
	GlobalSection(SolutionConfigurationPlatforms) = preSolution
		Debug|Any CPU = Debug|Any CPU
		Release|Any CPU = Release|Any CPU
	EndGlobalSection
	GlobalSection(ProjectConfigurationPlatforms) = postSolution
		{746A9312-DE28-4B62-B616-2CB5724EB4B1}.Debug|Any CPU.ActiveCfg = Debug|Any CPU
		{746A9312-DE28-4B62-B616-2CB5724EB4B1}.Debug|Any CPU.Build.0 = Debug|Any CPU
		{746A9312-DE28-4B62-B616-2CB5724EB4B1}.Release|Any CPU.ActiveCfg = Release|Any CPU
		{746A9312-DE28-4B62-B616-2CB5724EB4B1}.Release|Any CPU.Build.0 = Release|Any CPU
		{FFBAE95D-0AC0-4C4E-824F-C962D2F315D4}.Debug|Any CPU.ActiveCfg = Debug|Any CPU
		{FFBAE95D-0AC0-4C4E-824F-C962D2F315D4}.Debug|Any CPU.Build.0 = Debug|Any CPU
		{FFBAE95D-0AC0-4C4E-824F-C962D2F315D4}.Release|Any CPU.ActiveCfg = Release|Any CPU
		{FFBAE95D-0AC0-4C4E-824F-C962D2F315D4}.Release|Any CPU.Build.0 = Release|Any CPU
		{DD0A3931-E846-4AC9-82A2-E3CFC5DFA23A}.Debug|Any CPU.ActiveCfg = Debug|Any CPU
		{DD0A3931-E846-4AC9-82A2-E3CFC5DFA23A}.Debug|Any CPU.Build.0 = Debug|Any CPU
		{DD0A3931-E846-4AC9-82A2-E3CFC5DFA23A}.Release|Any CPU.ActiveCfg = Release|Any CPU
		{DD0A3931-E846-4AC9-82A2-E3CFC5DFA23A}.Release|Any CPU.Build.0 = Release|Any CPU
	EndGlobalSection
	GlobalSection(SolutionProperties) = preSolution
		HideSolutionNode = FALSE
	EndGlobalSection
	GlobalSection(ExtensibilityGlobals) = postSolution
		SolutionGuid = {C17EA999-F255-4E46-95E5-6E5A70B66A20}
	EndGlobalSection
EndGlobal
